
Microsoft Visual Studio Solution File, Format Version 12.00
# Visual Studio Version 16
VisualStudioVersion = 16.0.31005.135
MinimumVisualStudioVersion = 10.0.40219.1
Project("{FAE04EC0-301F-11D3-BF4B-00C04F79EFBC}") = "ITMO.ADO_NET.U4E6.DataViewExample", "ITMO.ADO_NET.U4E6.DataViewExample.csproj", "{C9758BE0-BB1A-4AC6-A98B-2FE9D938F211}"
EndProject
Global
	GlobalSection(SolutionConfigurationPlatforms) = preSolution
		Debug|Any CPU = Debug|Any CPU
		Release|Any CPU = Release|Any CPU
	EndGlobalSection
	GlobalSection(ProjectConfigurationPlatforms) = postSolution
		{C9758BE0-BB1A-4AC6-A98B-2FE9D938F211}.Debug|Any CPU.ActiveCfg = Debug|Any CPU
		{C9758BE0-BB1A-4AC6-A98B-2FE9D938F211}.Debug|Any CPU.Build.0 = Debug|Any CPU
		{C9758BE0-BB1A-4AC6-A98B-2FE9D938F211}.Release|Any CPU.ActiveCfg = Release|Any CPU
		{C9758BE0-BB1A-4AC6-A98B-2FE9D938F211}.Release|Any CPU.Build.0 = Release|Any CPU
	EndGlobalSection
	GlobalSection(SolutionProperties) = preSolution
		HideSolutionNode = FALSE
	EndGlobalSection
	GlobalSection(ExtensibilityGlobals) = postSolution
		SolutionGuid = {600184A4-9894-4EA6-8D31-337CE968D420}
	EndGlobalSection
EndGlobal
