
Microsoft Visual Studio Solution File, Format Version 12.00
# Visual Studio Version 16
VisualStudioVersion = 16.0.31005.135
MinimumVisualStudioVersion = 10.0.40219.1
Project("{FAE04EC0-301F-11D3-BF4B-00C04F79EFBC}") = "ITMO.ADO_NET.U4E4.DataAdapterWizard", "ITMO.ADO_NET.U4E4.DataAdapterWizard.csproj", "{ACA9BF0E-0978-4569-8607-EAC25C0BFB15}"
EndProject
Global
	GlobalSection(SolutionConfigurationPlatforms) = preSolution
		Debug|Any CPU = Debug|Any CPU
		Release|Any CPU = Release|Any CPU
	EndGlobalSection
	GlobalSection(ProjectConfigurationPlatforms) = postSolution
		{ACA9BF0E-0978-4569-8607-EAC25C0BFB15}.Debug|Any CPU.ActiveCfg = Debug|Any CPU
		{ACA9BF0E-0978-4569-8607-EAC25C0BFB15}.Debug|Any CPU.Build.0 = Debug|Any CPU
		{ACA9BF0E-0978-4569-8607-EAC25C0BFB15}.Release|Any CPU.ActiveCfg = Release|Any CPU
		{ACA9BF0E-0978-4569-8607-EAC25C0BFB15}.Release|Any CPU.Build.0 = Release|Any CPU
	EndGlobalSection
	GlobalSection(SolutionProperties) = preSolution
		HideSolutionNode = FALSE
	EndGlobalSection
	GlobalSection(ExtensibilityGlobals) = postSolution
		SolutionGuid = {7F7E420C-E054-42D0-91BC-35ECF1BA6FAC}
	EndGlobalSection
EndGlobal
