
Microsoft Visual Studio Solution File, Format Version 12.00
# Visual Studio Version 16
VisualStudioVersion = 16.0.31019.35
MinimumVisualStudioVersion = 10.0.40219.1
Project("{FAE04EC0-301F-11D3-BF4B-00C04F79EFBC}") = "CourseManager", "CourseManager.csproj", "{0B1C366D-D80A-4720-9AF8-4FBF5CA0A974}"
EndProject
Global
	GlobalSection(SolutionConfigurationPlatforms) = preSolution
		Debug|Any CPU = Debug|Any CPU
		Release|Any CPU = Release|Any CPU
	EndGlobalSection
	GlobalSection(ProjectConfigurationPlatforms) = postSolution
		{0B1C366D-D80A-4720-9AF8-4FBF5CA0A974}.Debug|Any CPU.ActiveCfg = Debug|Any CPU
		{0B1C366D-D80A-4720-9AF8-4FBF5CA0A974}.Debug|Any CPU.Build.0 = Debug|Any CPU
		{0B1C366D-D80A-4720-9AF8-4FBF5CA0A974}.Release|Any CPU.ActiveCfg = Release|Any CPU
		{0B1C366D-D80A-4720-9AF8-4FBF5CA0A974}.Release|Any CPU.Build.0 = Release|Any CPU
	EndGlobalSection
	GlobalSection(SolutionProperties) = preSolution
		HideSolutionNode = FALSE
	EndGlobalSection
	GlobalSection(ExtensibilityGlobals) = postSolution
		SolutionGuid = {5B48E961-D3F9-4737-BBAA-7A65153BBCFB}
	EndGlobalSection
EndGlobal
