
Microsoft Visual Studio Solution File, Format Version 12.00
# Visual Studio Version 16
VisualStudioVersion = 16.0.31005.135
MinimumVisualStudioVersion = 10.0.40219.1
Project("{FAE04EC0-301F-11D3-BF4B-00C04F79EFBC}") = "ITMO.ADO_NET.U6E1.SavingDataSetXml", "ITMO.ADO_NET.U6E1.SavingDataSetXml.csproj", "{09AAE498-8008-4744-BB79-B5BD87282940}"
EndProject
Global
	GlobalSection(SolutionConfigurationPlatforms) = preSolution
		Debug|Any CPU = Debug|Any CPU
		Release|Any CPU = Release|Any CPU
	EndGlobalSection
	GlobalSection(ProjectConfigurationPlatforms) = postSolution
		{09AAE498-8008-4744-BB79-B5BD87282940}.Debug|Any CPU.ActiveCfg = Debug|Any CPU
		{09AAE498-8008-4744-BB79-B5BD87282940}.Debug|Any CPU.Build.0 = Debug|Any CPU
		{09AAE498-8008-4744-BB79-B5BD87282940}.Release|Any CPU.ActiveCfg = Release|Any CPU
		{09AAE498-8008-4744-BB79-B5BD87282940}.Release|Any CPU.Build.0 = Release|Any CPU
	EndGlobalSection
	GlobalSection(SolutionProperties) = preSolution
		HideSolutionNode = FALSE
	EndGlobalSection
	GlobalSection(ExtensibilityGlobals) = postSolution
		SolutionGuid = {9219FCFB-603D-4E18-9663-9DC060C28005}
	EndGlobalSection
EndGlobal
