
Microsoft Visual Studio Solution File, Format Version 12.00
# Visual Studio Version 16
VisualStudioVersion = 16.0.31005.135
MinimumVisualStudioVersion = 10.0.40219.1
Project("{FAE04EC0-301F-11D3-BF4B-00C04F79EFBC}") = "ITMO.ADO_NET.U4E3.DataAdapterProgram", "ITMO.ADO_NET.U4E3.DataAdapterProgram.csproj", "{0F3ED372-A8BC-4AAF-BABA-5511E4D4351D}"
EndProject
Global
	GlobalSection(SolutionConfigurationPlatforms) = preSolution
		Debug|Any CPU = Debug|Any CPU
		Release|Any CPU = Release|Any CPU
	EndGlobalSection
	GlobalSection(ProjectConfigurationPlatforms) = postSolution
		{0F3ED372-A8BC-4AAF-BABA-5511E4D4351D}.Debug|Any CPU.ActiveCfg = Debug|Any CPU
		{0F3ED372-A8BC-4AAF-BABA-5511E4D4351D}.Debug|Any CPU.Build.0 = Debug|Any CPU
		{0F3ED372-A8BC-4AAF-BABA-5511E4D4351D}.Release|Any CPU.ActiveCfg = Release|Any CPU
		{0F3ED372-A8BC-4AAF-BABA-5511E4D4351D}.Release|Any CPU.Build.0 = Release|Any CPU
	EndGlobalSection
	GlobalSection(SolutionProperties) = preSolution
		HideSolutionNode = FALSE
	EndGlobalSection
	GlobalSection(ExtensibilityGlobals) = postSolution
		SolutionGuid = {100616AF-B494-4D56-BEF7-5E182417C6E6}
	EndGlobalSection
EndGlobal
